
Microsoft Visual Studio Solution File, Format Version 12.00
# Visual Studio Version 16
VisualStudioVersion = 16.0.31729.503
MinimumVisualStudioVersion = 10.0.40219.1
Project("{FAE04EC0-301F-11D3-BF4B-00C04F79EFBC}") = "oopLab4", "oopLab4.csproj", "{281CF4E9-0C64-4481-A534-CA564CB9D5AD}"
EndProject
Global
	GlobalSection(SolutionConfigurationPlatforms) = preSolution
		Debug|Any CPU = Debug|Any CPU
		Release|Any CPU = Release|Any CPU
	EndGlobalSection
	GlobalSection(ProjectConfigurationPlatforms) = postSolution
		{281CF4E9-0C64-4481-A534-CA564CB9D5AD}.Debug|Any CPU.ActiveCfg = Debug|Any CPU
		{281CF4E9-0C64-4481-A534-CA564CB9D5AD}.Debug|Any CPU.Build.0 = Debug|Any CPU
		{281CF4E9-0C64-4481-A534-CA564CB9D5AD}.Release|Any CPU.ActiveCfg = Release|Any CPU
		{281CF4E9-0C64-4481-A534-CA564CB9D5AD}.Release|Any CPU.Build.0 = Release|Any CPU
	EndGlobalSection
	GlobalSection(SolutionProperties) = preSolution
		HideSolutionNode = FALSE
	EndGlobalSection
	GlobalSection(ExtensibilityGlobals) = postSolution
		SolutionGuid = {5DE62FCC-2FE0-4D57-8293-7124A5E34458}
	EndGlobalSection
EndGlobal
